{
  "name": "amp",
  "lockfileVersion": 2,
  "requires": true,
  "packages": {
    "": {
      "name": "amp",
      "license": "MIT",
      "devDependencies": {
        "@jigsaw/sb-scripts": "^0.0.4",
        "@progfay/scrapbox-parser": "^7.1.0",
        "date-fns": "^2.21.3",
        "isomorphic-unfetch": "^3.1.0",
        "js-video-url-parser": "^0.4.3",
        "jss": "^10.6.0",
        "jss-preset-default": "^10.6.0",
        "lit-ntml": "^2.18.2",
        "sitemap": "^7.0.0"
      }
    },
    "node_modules/@babel/runtime": {
      "version": "7.14.0",
      "resolved": "https://registry.npmjs.org/@babel/runtime/-/runtime-7.14.0.tgz",
      "integrity": "sha512-JELkvo/DlpNdJ7dlyw/eY7E0suy5i5GQH+Vlxaq1nsNJ+H7f4Vtv3jMeCEgRhZZQFXTjldYfQgv2qmM6M1v5wA==",
      "dev": true,
      "dependencies": {
        "regenerator-runtime": "^0.13.4"
      }
    },
    "node_modules/@jigsaw/sb-scripts": {
      "version": "0.0.4",
      "resolved": "https://registry.npmjs.org/@jigsaw/sb-scripts/-/sb-scripts-0.0.4.tgz",
      "integrity": "sha512-FrGISgjkxCwulJMnSYnhktB74uQjxiVIvHNTwSMpRfwF+o9k6aZt2vHQ8zQDYQLSCkdp/jVcuDD0LuI4Kc7wxA==",
      "dev": true,
      "license": "MIT",
      "dependencies": {
        "isomorphic-unfetch": "^3.0.0"
      }
    },
    "node_modules/@progfay/scrapbox-parser": {
      "version": "7.1.0",
      "resolved": "https://registry.npmjs.org/@progfay/scrapbox-parser/-/scrapbox-parser-7.1.0.tgz",
      "integrity": "sha512-jZXEOGf9KZien4YAec9WG58Vy/6XA6ARac4NSGX2Msd1M3nSChnDgZL4ny0oNZvV1LDqPCdDYcTt5AfZEk+xmQ==",
      "dev": true
    },
    "node_modules/@types/node": {
      "version": "15.3.0",
      "resolved": "https://registry.npmjs.org/@types/node/-/node-15.3.0.tgz",
      "integrity": "sha512-8/bnjSZD86ZfpBsDlCIkNXIvm+h6wi9g7IqL+kmFkQ+Wvu3JrasgLElfiPgoo8V8vVfnEi0QVS12gbl94h9YsQ==",
      "dev": true
    },
    "node_modules/@types/sax": {
      "version": "1.2.1",
      "resolved": "https://registry.npmjs.org/@types/sax/-/sax-1.2.1.tgz",
      "integrity": "sha512-dqYdvN7Sbw8QT/0Ci5rhjE4/iCMJEM0Y9rHpCu+gGXD9Lwbz28t6HI2yegsB6BoV1sShRMU6lAmAcgRjmFy7LA==",
      "dev": true,
      "dependencies": {
        "@types/node": "*"
      }
    },
    "node_modules/arg": {
      "version": "5.0.0",
      "resolved": "https://registry.npmjs.org/arg/-/arg-5.0.0.tgz",
      "integrity": "sha512-4P8Zm2H+BRS+c/xX1LrHw0qKpEhdlZjLCgWy+d78T9vqa2Z2SiD2wMrYuWIAFy5IZUD7nnNXroRttz+0RzlrzQ==",
      "dev": true
    },
    "node_modules/css-vendor": {
      "version": "2.0.8",
      "resolved": "https://registry.npmjs.org/css-vendor/-/css-vendor-2.0.8.tgz",
      "integrity": "sha512-x9Aq0XTInxrkuFeHKbYC7zWY8ai7qJ04Kxd9MnvbC1uO5DagxoHQjm4JvG+vCdXOoFtCjbL2XSZfxmoYa9uQVQ==",
      "dev": true,
      "dependencies": {
        "@babel/runtime": "^7.8.3",
        "is-in-browser": "^1.0.2"
      }
    },
    "node_modules/csstype": {
      "version": "3.0.8",
      "resolved": "https://registry.npmjs.org/csstype/-/csstype-3.0.8.tgz",
      "integrity": "sha512-jXKhWqXPmlUeoQnF/EhTtTl4C9SnrxSH/jZUih3jmO6lBKr99rP3/+FmrMj4EFpOXzMtXHAZkd3x0E6h6Fgflw==",
      "dev": true
    },
    "node_modules/date-fns": {
      "version": "2.21.3",
      "resolved": "https://registry.npmjs.org/date-fns/-/date-fns-2.21.3.tgz",
      "integrity": "sha512-HeYdzCaFflc1i4tGbj7JKMjM4cKGYoyxwcIIkHzNgCkX8xXDNJDZXgDDVchIWpN4eQc3lH37WarduXFZJOtxfw==",
      "dev": true,
      "engines": {
        "node": ">=0.11"
      },
      "funding": {
        "type": "opencollective",
        "url": "https://opencollective.com/date-fns"
      }
    },
    "node_modules/hyphenate-style-name": {
      "version": "1.0.4",
      "resolved": "https://registry.npmjs.org/hyphenate-style-name/-/hyphenate-style-name-1.0.4.tgz",
      "integrity": "sha512-ygGZLjmXfPHj+ZWh6LwbC37l43MhfztxetbFCoYTM2VjkIUpeHgSNn7QIyVFj7YQ1Wl9Cbw5sholVJPzWvC2MQ==",
      "dev": true
    },
    "node_modules/indefinite-observable": {
      "version": "2.0.1",
      "resolved": "https://registry.npmjs.org/indefinite-observable/-/indefinite-observable-2.0.1.tgz",
      "integrity": "sha512-G8vgmork+6H9S8lUAg1gtXEj2JxIQTo0g2PbFiYOdjkziSI0F7UYBiVwhZRuixhBCNGczAls34+5HJPyZysvxQ==",
      "dev": true,
      "dependencies": {
        "symbol-observable": "1.2.0"
      }
    },
    "node_modules/is-in-browser": {
      "version": "1.1.3",
      "resolved": "https://registry.npmjs.org/is-in-browser/-/is-in-browser-1.1.3.tgz",
      "integrity": "sha1-Vv9NtoOgeMYILrldrX3GLh0E+DU=",
      "dev": true,
      "license": "MIT"
    },
    "node_modules/isomorphic-unfetch": {
      "version": "3.1.0",
      "resolved": "https://registry.npmjs.org/isomorphic-unfetch/-/isomorphic-unfetch-3.1.0.tgz",
      "integrity": "sha512-geDJjpoZ8N0kWexiwkX8F9NkTsXhetLPVbZFQ+JTW239QNOwvB0gniuR1Wc6f0AMTn7/mFGyXvHTifrCp/GH8Q==",
      "dev": true,
      "dependencies": {
        "node-fetch": "^2.6.1",
        "unfetch": "^4.2.0"
      }
    },
    "node_modules/js-video-url-parser": {
      "version": "0.4.3",
      "resolved": "https://registry.npmjs.org/js-video-url-parser/-/js-video-url-parser-0.4.3.tgz",
      "integrity": "sha512-XADFPPbzAfvGiKgEYIcVTqbf2+PCDARiUU6/Js8W5zZhlB2wBbk7t+gVLFvnGLaHKw91CXAcLJfuGLsb8Mdyfg==",
      "dev": true
    },
    "node_modules/jss": {
      "version": "10.6.0",
      "resolved": "https://registry.npmjs.org/jss/-/jss-10.6.0.tgz",
      "integrity": "sha512-n7SHdCozmxnzYGXBHe0NsO0eUf9TvsHVq2MXvi4JmTn3x5raynodDVE/9VQmBdWFyyj9HpHZ2B4xNZ7MMy7lkw==",
      "dev": true,
      "dependencies": {
        "@babel/runtime": "^7.3.1",
        "csstype": "^3.0.2",
        "indefinite-observable": "^2.0.1",
        "is-in-browser": "^1.1.3",
        "tiny-warning": "^1.0.2"
      },
      "funding": {
        "type": "opencollective",
        "url": "https://opencollective.com/jss"
      }
    },
    "node_modules/jss-plugin-camel-case": {
      "version": "10.6.0",
      "resolved": "https://registry.npmjs.org/jss-plugin-camel-case/-/jss-plugin-camel-case-10.6.0.tgz",
      "integrity": "sha512-JdLpA3aI/npwj3nDMKk308pvnhoSzkW3PXlbgHAzfx0yHWnPPVUjPhXFtLJzgKZge8lsfkUxvYSQ3X2OYIFU6A==",
      "dev": true,
      "dependencies": {
        "@babel/runtime": "^7.3.1",
        "hyphenate-style-name": "^1.0.3",
        "jss": "10.6.0"
      }
    },
    "node_modules/jss-plugin-compose": {
      "version": "10.6.0",
      "resolved": "https://registry.npmjs.org/jss-plugin-compose/-/jss-plugin-compose-10.6.0.tgz",
      "integrity": "sha512-zBhI5ZDVX30h4N+rPunAfbwHVDWlme0JPiLBT0TSg24aX+QhjpogZSKHv9pn23NqIdiz3aIJmrNVnJ5rwNKQKA==",
      "dev": true,
      "dependencies": {
        "@babel/runtime": "^7.3.1",
        "jss": "10.6.0",
        "tiny-warning": "^1.0.2"
      }
    },
    "node_modules/jss-plugin-default-unit": {
      "version": "10.6.0",
      "resolved": "https://registry.npmjs.org/jss-plugin-default-unit/-/jss-plugin-default-unit-10.6.0.tgz",
      "integrity": "sha512-7y4cAScMHAxvslBK2JRK37ES9UT0YfTIXWgzUWD5euvR+JR3q+o8sQKzBw7GmkQRfZijrRJKNTiSt1PBsLI9/w==",
      "dev": true,
      "dependencies": {
        "@babel/runtime": "^7.3.1",
        "jss": "10.6.0"
      }
    },
    "node_modules/jss-plugin-expand": {
      "version": "10.6.0",
      "resolved": "https://registry.npmjs.org/jss-plugin-expand/-/jss-plugin-expand-10.6.0.tgz",
      "integrity": "sha512-TYVfKS3l8kNaClWW3PA9AhFr9ixhBnKcdGwZDRH3WRGDmdX0RYOhpfScscRXQM1HAlqaXLRqiP+NYGCK6QBgOg==",
      "dev": true,
      "dependencies": {
        "@babel/runtime": "^7.3.1",
        "jss": "10.6.0"
      }
    },
    "node_modules/jss-plugin-extend": {
      "version": "10.6.0",
      "resolved": "https://registry.npmjs.org/jss-plugin-extend/-/jss-plugin-extend-10.6.0.tgz",
      "integrity": "sha512-eY/zKMT+aUOdHegTDzTznq8Nwsv0PEb5AyJfo8A1B9jPxzzLTGcFOl9S6JZoYRxMh9TWxA5lOULMIjgKAKzUcQ==",
      "dev": true,
      "dependencies": {
        "@babel/runtime": "^7.3.1",
        "jss": "10.6.0",
        "tiny-warning": "^1.0.2"
      }
    },
    "node_modules/jss-plugin-global": {
      "version": "10.6.0",
      "resolved": "https://registry.npmjs.org/jss-plugin-global/-/jss-plugin-global-10.6.0.tgz",
      "integrity": "sha512-I3w7ji/UXPi3VuWrTCbHG9rVCgB4yoBQLehGDTmsnDfXQb3r1l3WIdcO8JFp9m0YMmyy2CU7UOV6oPI7/Tmu+w==",
      "dev": true,
      "dependencies": {
        "@babel/runtime": "^7.3.1",
        "jss": "10.6.0"
      }
    },
    "node_modules/jss-plugin-nested": {
      "version": "10.6.0",
      "resolved": "https://registry.npmjs.org/jss-plugin-nested/-/jss-plugin-nested-10.6.0.tgz",
      "integrity": "sha512-fOFQWgd98H89E6aJSNkEh2fAXquC9aZcAVjSw4q4RoQ9gU++emg18encR4AT4OOIFl4lQwt5nEyBBRn9V1Rk8g==",
      "dev": true,
      "dependencies": {
        "@babel/runtime": "^7.3.1",
        "jss": "10.6.0",
        "tiny-warning": "^1.0.2"
      }
    },
    "node_modules/jss-plugin-props-sort": {
      "version": "10.6.0",
      "resolved": "https://registry.npmjs.org/jss-plugin-props-sort/-/jss-plugin-props-sort-10.6.0.tgz",
      "integrity": "sha512-oMCe7hgho2FllNc60d9VAfdtMrZPo9n1Iu6RNa+3p9n0Bkvnv/XX5San8fTPujrTBScPqv9mOE0nWVvIaohNuw==",
      "dev": true,
      "dependencies": {
        "@babel/runtime": "^7.3.1",
        "jss": "10.6.0"
      }
    },
    "node_modules/jss-plugin-rule-value-function": {
      "version": "10.6.0",
      "resolved": "https://registry.npmjs.org/jss-plugin-rule-value-function/-/jss-plugin-rule-value-function-10.6.0.tgz",
      "integrity": "sha512-TKFqhRTDHN1QrPTMYRlIQUOC2FFQb271+AbnetURKlGvRl/eWLswcgHQajwuxI464uZk91sPiTtdGi7r7XaWfA==",
      "dev": true,
      "dependencies": {
        "@babel/runtime": "^7.3.1",
        "jss": "10.6.0",
        "tiny-warning": "^1.0.2"
      }
    },
    "node_modules/jss-plugin-rule-value-observable": {
      "version": "10.6.0",
      "resolved": "https://registry.npmjs.org/jss-plugin-rule-value-observable/-/jss-plugin-rule-value-observable-10.6.0.tgz",
      "integrity": "sha512-+N6S8UZ+Tu+G2Fbu/UrfLI/JyaTi/KfkPbKsVRfyg/C/IdI+p9+H67HncMIFYEi/KnNj5fqvMNSDe4ag/lqbHw==",
      "dev": true,
      "dependencies": {
        "@babel/runtime": "^7.3.1",
        "jss": "10.6.0",
        "symbol-observable": "^1.2.0"
      }
    },
    "node_modules/jss-plugin-template": {
      "version": "10.6.0",
      "resolved": "https://registry.npmjs.org/jss-plugin-template/-/jss-plugin-template-10.6.0.tgz",
      "integrity": "sha512-P3iaIR6AqTOoutwP7Y2KVCq4jShEMACrwKf8W9gsS3ppnIeBg4OCAQvLKmqunApkEoIk0711xbW9XPi9CYy3zg==",
      "dev": true,
      "dependencies": {
        "@babel/runtime": "^7.3.1",
        "jss": "10.6.0",
        "tiny-warning": "^1.0.2"
      }
    },
    "node_modules/jss-plugin-vendor-prefixer": {
      "version": "10.6.0",
      "resolved": "https://registry.npmjs.org/jss-plugin-vendor-prefixer/-/jss-plugin-vendor-prefixer-10.6.0.tgz",
      "integrity": "sha512-doJ7MouBXT1lypLLctCwb4nJ6lDYqrTfVS3LtXgox42Xz0gXusXIIDboeh6UwnSmox90QpVnub7au8ybrb0krQ==",
      "dev": true,
      "dependencies": {
        "@babel/runtime": "^7.3.1",
        "css-vendor": "^2.0.8",
        "jss": "10.6.0"
      }
    },
    "node_modules/jss-preset-default": {
      "version": "10.6.0",
      "resolved": "https://registry.npmjs.org/jss-preset-default/-/jss-preset-default-10.6.0.tgz",
      "integrity": "sha512-TuHDZiuxGLLJ/LIMLAzO5uf2PnLOCR6yF5GHQLPp59YTascmwEldJfR0tuqjKa8B2F/v708ZvzE1Dw0Ao7UIcA==",
      "dev": true,
      "dependencies": {
        "@babel/runtime": "^7.3.1",
        "jss": "10.6.0",
        "jss-plugin-camel-case": "10.6.0",
        "jss-plugin-compose": "10.6.0",
        "jss-plugin-default-unit": "10.6.0",
        "jss-plugin-expand": "10.6.0",
        "jss-plugin-extend": "10.6.0",
        "jss-plugin-global": "10.6.0",
        "jss-plugin-nested": "10.6.0",
        "jss-plugin-props-sort": "10.6.0",
        "jss-plugin-rule-value-function": "10.6.0",
        "jss-plugin-rule-value-observable": "10.6.0",
        "jss-plugin-template": "10.6.0",
        "jss-plugin-vendor-prefixer": "10.6.0"
      }
    },
    "node_modules/lit-ntml": {
      "version": "2.18.2",
      "resolved": "https://registry.npmjs.org/lit-ntml/-/lit-ntml-2.18.2.tgz",
      "integrity": "sha512-5jJwlcFvamwzv55HFpNXpYTJRTXKpkLXZrr4gh+Vkj+3VrjbdpMOgZSKHpNZ5j/uVccEYTadM34UR9k++94lDw==",
      "dev": true,
      "hasInstallScript": true,
      "dependencies": {
        "parse5": "^6.0.1",
        "tslib": "^2.0.2"
      },
      "engines": {
        "node": ">= 10.18.1",
        "npm": ">= 6.13.4"
      }
    },
    "node_modules/node-fetch": {
      "version": "2.6.7",
      "resolved": "https://registry.npmjs.org/node-fetch/-/node-fetch-2.6.7.tgz",
      "integrity": "sha512-ZjMPFEfVx5j+y2yF35Kzx5sF7kDzxuDj6ziH4FFbOp87zKDZNx8yExJIb05OGF4Nlt9IHFIMBkRl41VdvcNdbQ==",
      "dev": true,
      "dependencies": {
        "whatwg-url": "^5.0.0"
      },
      "engines": {
        "node": "4.x || >=6.0.0"
      },
      "peerDependencies": {
        "encoding": "^0.1.0"
      },
      "peerDependenciesMeta": {
        "encoding": {
          "optional": true
        }
      }
    },
    "node_modules/parse5": {
      "version": "6.0.1",
      "resolved": "https://registry.npmjs.org/parse5/-/parse5-6.0.1.tgz",
      "integrity": "sha512-Ofn/CTFzRGTTxwpNEs9PP93gXShHcTq255nzRYSKe8AkVpZY7e1fpmTfOyoIvjP5HG7Z2ZM7VS9PPhQGW2pOpw==",
      "dev": true
    },
    "node_modules/regenerator-runtime": {
      "version": "0.13.7",
      "resolved": "https://registry.npmjs.org/regenerator-runtime/-/regenerator-runtime-0.13.7.tgz",
      "integrity": "sha512-a54FxoJDIr27pgf7IgeQGxmqUNYrcV338lf/6gH456HZ/PhX+5BcwHXG9ajESmwe6WRO0tAzRUrRmNONWgkrew==",
      "dev": true
    },
    "node_modules/sax": {
      "version": "1.2.4",
      "resolved": "https://registry.npmjs.org/sax/-/sax-1.2.4.tgz",
      "integrity": "sha512-NqVDv9TpANUjFm0N8uM5GxL36UgKi9/atZw+x7YFnQ8ckwFGKrl4xX4yWtrey3UJm5nP1kUbnYgLopqWNSRhWw==",
      "dev": true,
      "license": "ISC"
    },
    "node_modules/sitemap": {
      "version": "7.0.0",
      "resolved": "https://registry.npmjs.org/sitemap/-/sitemap-7.0.0.tgz",
      "integrity": "sha512-Ud0jrRQO2k7fEtPAM+cQkBKoMvxQyPKNXKDLn8tRVHxRCsdDQ2JZvw+aZ5IRYYQVAV9iGxEar6boTwZzev+x3g==",
      "dev": true,
      "dependencies": {
        "@types/node": "^15.0.1",
        "@types/sax": "^1.2.1",
        "arg": "^5.0.0",
        "sax": "^1.2.4"
      },
      "bin": {
        "sitemap": "dist/cli.js"
      },
      "engines": {
        "node": ">=12.0.0",
        "npm": ">=5.6.0"
      }
    },
    "node_modules/symbol-observable": {
      "version": "1.2.0",
      "resolved": "https://registry.npmjs.org/symbol-observable/-/symbol-observable-1.2.0.tgz",
      "integrity": "sha512-e900nM8RRtGhlV36KGEU9k65K3mPb1WV70OdjfxlG2EAuM1noi/E/BaW/uMhL7bPEssK8QV57vN3esixjUvcXQ==",
      "dev": true,
      "engines": {
        "node": ">=0.10.0"
      }
    },
    "node_modules/tiny-warning": {
      "version": "1.0.3",
      "resolved": "https://registry.npmjs.org/tiny-warning/-/tiny-warning-1.0.3.tgz",
      "integrity": "sha512-lBN9zLN/oAf68o3zNXYrdCt1kP8WsiGW8Oo2ka41b2IM5JL/S1CTyX1rW0mb/zSuJun0ZUrDxx4sqvYS2FWzPA==",
      "dev": true,
      "license": "MIT"
    },
    "node_modules/tr46": {
      "version": "0.0.3",
      "resolved": "https://registry.npmjs.org/tr46/-/tr46-0.0.3.tgz",
      "integrity": "sha512-N3WMsuqV66lT30CrXNbEjx4GEwlow3v6rr4mCcv6prnfwhS01rkgyFdjPNBYd9br7LpXV1+Emh01fHnq2Gdgrw==",
      "dev": true
    },
    "node_modules/tslib": {
      "version": "2.2.0",
      "resolved": "https://registry.npmjs.org/tslib/-/tslib-2.2.0.tgz",
      "integrity": "sha512-gS9GVHRU+RGn5KQM2rllAlR3dU6m7AcpJKdtH8gFvQiC4Otgk98XnmMU+nZenHt/+VhnBPWwgrJsyrdcw6i23w==",
      "dev": true
    },
    "node_modules/unfetch": {
      "version": "4.2.0",
      "resolved": "https://registry.npmjs.org/unfetch/-/unfetch-4.2.0.tgz",
      "integrity": "sha512-F9p7yYCn6cIW9El1zi0HI6vqpeIvBsr3dSuRO6Xuppb1u5rXpCPmMvLSyECLhybr9isec8Ohl0hPekMVrEinDA==",
      "dev": true
    },
    "node_modules/webidl-conversions": {
      "version": "3.0.1",
      "resolved": "https://registry.npmjs.org/webidl-conversions/-/webidl-conversions-3.0.1.tgz",
      "integrity": "sha512-2JAn3z8AR6rjK8Sm8orRC0h/bcl/DqL7tRPdGZ4I1CjdF+EaMLmYxBHyXuKL849eucPFhvBoxMsflfOb8kxaeQ==",
      "dev": true
    },
    "node_modules/whatwg-url": {
      "version": "5.0.0",
      "resolved": "https://registry.npmjs.org/whatwg-url/-/whatwg-url-5.0.0.tgz",
      "integrity": "sha512-saE57nupxk6v3HY35+jzBwYa0rKSy0XR8JSxZPwgLr7ys0IBzhGviA1/TUGJLmSVqs8pb9AnvICXEuOHLprYTw==",
      "dev": true,
      "dependencies": {
        "tr46": "~0.0.3",
        "webidl-conversions": "^3.0.0"
      }
    }
  },
  "dependencies": {
    "@babel/runtime": {
      "version": "7.14.0",
      "resolved": "https://registry.npmjs.org/@babel/runtime/-/runtime-7.14.0.tgz",
      "integrity": "sha512-JELkvo/DlpNdJ7dlyw/eY7E0suy5i5GQH+Vlxaq1nsNJ+H7f4Vtv3jMeCEgRhZZQFXTjldYfQgv2qmM6M1v5wA==",
      "dev": true,
      "requires": {
        "regenerator-runtime": "^0.13.4"
      }
    },
    "@jigsaw/sb-scripts": {
      "version": "0.0.4",
      "resolved": "https://registry.npmjs.org/@jigsaw/sb-scripts/-/sb-scripts-0.0.4.tgz",
      "integrity": "sha512-FrGISgjkxCwulJMnSYnhktB74uQjxiVIvHNTwSMpRfwF+o9k6aZt2vHQ8zQDYQLSCkdp/jVcuDD0LuI4Kc7wxA==",
      "dev": true,
      "requires": {
        "isomorphic-unfetch": "^3.0.0"
      }
    },
    "@progfay/scrapbox-parser": {
      "version": "7.1.0",
      "resolved": "https://registry.npmjs.org/@progfay/scrapbox-parser/-/scrapbox-parser-7.1.0.tgz",
      "integrity": "sha512-jZXEOGf9KZien4YAec9WG58Vy/6XA6ARac4NSGX2Msd1M3nSChnDgZL4ny0oNZvV1LDqPCdDYcTt5AfZEk+xmQ==",
      "dev": true
    },
    "@types/node": {
      "version": "15.3.0",
      "resolved": "https://registry.npmjs.org/@types/node/-/node-15.3.0.tgz",
      "integrity": "sha512-8/bnjSZD86ZfpBsDlCIkNXIvm+h6wi9g7IqL+kmFkQ+Wvu3JrasgLElfiPgoo8V8vVfnEi0QVS12gbl94h9YsQ==",
      "dev": true
    },
    "@types/sax": {
      "version": "1.2.1",
      "resolved": "https://registry.npmjs.org/@types/sax/-/sax-1.2.1.tgz",
      "integrity": "sha512-dqYdvN7Sbw8QT/0Ci5rhjE4/iCMJEM0Y9rHpCu+gGXD9Lwbz28t6HI2yegsB6BoV1sShRMU6lAmAcgRjmFy7LA==",
      "dev": true,
      "requires": {
        "@types/node": "*"
      }
    },
    "arg": {
      "version": "5.0.0",
      "resolved": "https://registry.npmjs.org/arg/-/arg-5.0.0.tgz",
      "integrity": "sha512-4P8Zm2H+BRS+c/xX1LrHw0qKpEhdlZjLCgWy+d78T9vqa2Z2SiD2wMrYuWIAFy5IZUD7nnNXroRttz+0RzlrzQ==",
      "dev": true
    },
    "css-vendor": {
      "version": "2.0.8",
      "resolved": "https://registry.npmjs.org/css-vendor/-/css-vendor-2.0.8.tgz",
      "integrity": "sha512-x9Aq0XTInxrkuFeHKbYC7zWY8ai7qJ04Kxd9MnvbC1uO5DagxoHQjm4JvG+vCdXOoFtCjbL2XSZfxmoYa9uQVQ==",
      "dev": true,
      "requires": {
        "@babel/runtime": "^7.8.3",
        "is-in-browser": "^1.0.2"
      }
    },
    "csstype": {
      "version": "3.0.8",
      "resolved": "https://registry.npmjs.org/csstype/-/csstype-3.0.8.tgz",
      "integrity": "sha512-jXKhWqXPmlUeoQnF/EhTtTl4C9SnrxSH/jZUih3jmO6lBKr99rP3/+FmrMj4EFpOXzMtXHAZkd3x0E6h6Fgflw==",
      "dev": true
    },
    "date-fns": {
      "version": "2.21.3",
      "resolved": "https://registry.npmjs.org/date-fns/-/date-fns-2.21.3.tgz",
      "integrity": "sha512-HeYdzCaFflc1i4tGbj7JKMjM4cKGYoyxwcIIkHzNgCkX8xXDNJDZXgDDVchIWpN4eQc3lH37WarduXFZJOtxfw==",
      "dev": true
    },
    "hyphenate-style-name": {
      "version": "1.0.4",
      "resolved": "https://registry.npmjs.org/hyphenate-style-name/-/hyphenate-style-name-1.0.4.tgz",
      "integrity": "sha512-ygGZLjmXfPHj+ZWh6LwbC37l43MhfztxetbFCoYTM2VjkIUpeHgSNn7QIyVFj7YQ1Wl9Cbw5sholVJPzWvC2MQ==",
      "dev": true
    },
    "indefinite-observable": {
      "version": "2.0.1",
      "resolved": "https://registry.npmjs.org/indefinite-observable/-/indefinite-observable-2.0.1.tgz",
      "integrity": "sha512-G8vgmork+6H9S8lUAg1gtXEj2JxIQTo0g2PbFiYOdjkziSI0F7UYBiVwhZRuixhBCNGczAls34+5HJPyZysvxQ==",
      "dev": true,
      "requires": {
        "symbol-observable": "1.2.0"
      }
    },
    "is-in-browser": {
      "version": "1.1.3",
      "resolved": "https://registry.npmjs.org/is-in-browser/-/is-in-browser-1.1.3.tgz",
      "integrity": "sha1-Vv9NtoOgeMYILrldrX3GLh0E+DU=",
      "dev": true
    },
    "isomorphic-unfetch": {
      "version": "3.1.0",
      "resolved": "https://registry.npmjs.org/isomorphic-unfetch/-/isomorphic-unfetch-3.1.0.tgz",
      "integrity": "sha512-geDJjpoZ8N0kWexiwkX8F9NkTsXhetLPVbZFQ+JTW239QNOwvB0gniuR1Wc6f0AMTn7/mFGyXvHTifrCp/GH8Q==",
      "dev": true,
      "requires": {
        "node-fetch": "^2.6.1",
        "unfetch": "^4.2.0"
      }
    },
    "js-video-url-parser": {
      "version": "0.4.3",
      "resolved": "https://registry.npmjs.org/js-video-url-parser/-/js-video-url-parser-0.4.3.tgz",
      "integrity": "sha512-XADFPPbzAfvGiKgEYIcVTqbf2+PCDARiUU6/Js8W5zZhlB2wBbk7t+gVLFvnGLaHKw91CXAcLJfuGLsb8Mdyfg==",
      "dev": true
    },
    "jss": {
      "version": "10.6.0",
      "resolved": "https://registry.npmjs.org/jss/-/jss-10.6.0.tgz",
      "integrity": "sha512-n7SHdCozmxnzYGXBHe0NsO0eUf9TvsHVq2MXvi4JmTn3x5raynodDVE/9VQmBdWFyyj9HpHZ2B4xNZ7MMy7lkw==",
      "dev": true,
      "requires": {
        "@babel/runtime": "^7.3.1",
        "csstype": "^3.0.2",
        "indefinite-observable": "^2.0.1",
        "is-in-browser": "^1.1.3",
        "tiny-warning": "^1.0.2"
      }
    },
    "jss-plugin-camel-case": {
      "version": "10.6.0",
      "resolved": "https://registry.npmjs.org/jss-plugin-camel-case/-/jss-plugin-camel-case-10.6.0.tgz",
      "integrity": "sha512-JdLpA3aI/npwj3nDMKk308pvnhoSzkW3PXlbgHAzfx0yHWnPPVUjPhXFtLJzgKZge8lsfkUxvYSQ3X2OYIFU6A==",
      "dev": true,
      "requires": {
        "@babel/runtime": "^7.3.1",
        "hyphenate-style-name": "^1.0.3",
        "jss": "10.6.0"
      }
    },
    "jss-plugin-compose": {
      "version": "10.6.0",
      "resolved": "https://registry.npmjs.org/jss-plugin-compose/-/jss-plugin-compose-10.6.0.tgz",
      "integrity": "sha512-zBhI5ZDVX30h4N+rPunAfbwHVDWlme0JPiLBT0TSg24aX+QhjpogZSKHv9pn23NqIdiz3aIJmrNVnJ5rwNKQKA==",
      "dev": true,
      "requires": {
        "@babel/runtime": "^7.3.1",
        "jss": "10.6.0",
        "tiny-warning": "^1.0.2"
      }
    },
    "jss-plugin-default-unit": {
      "version": "10.6.0",
      "resolved": "https://registry.npmjs.org/jss-plugin-default-unit/-/jss-plugin-default-unit-10.6.0.tgz",
      "integrity": "sha512-7y4cAScMHAxvslBK2JRK37ES9UT0YfTIXWgzUWD5euvR+JR3q+o8sQKzBw7GmkQRfZijrRJKNTiSt1PBsLI9/w==",
      "dev": true,
      "requires": {
        "@babel/runtime": "^7.3.1",
        "jss": "10.6.0"
      }
    },
    "jss-plugin-expand": {
      "version": "10.6.0",
      "resolved": "https://registry.npmjs.org/jss-plugin-expand/-/jss-plugin-expand-10.6.0.tgz",
      "integrity": "sha512-TYVfKS3l8kNaClWW3PA9AhFr9ixhBnKcdGwZDRH3WRGDmdX0RYOhpfScscRXQM1HAlqaXLRqiP+NYGCK6QBgOg==",
      "dev": true,
      "requires": {
        "@babel/runtime": "^7.3.1",
        "jss": "10.6.0"
      }
    },
    "jss-plugin-extend": {
      "version": "10.6.0",
      "resolved": "https://registry.npmjs.org/jss-plugin-extend/-/jss-plugin-extend-10.6.0.tgz",
      "integrity": "sha512-eY/zKMT+aUOdHegTDzTznq8Nwsv0PEb5AyJfo8A1B9jPxzzLTGcFOl9S6JZoYRxMh9TWxA5lOULMIjgKAKzUcQ==",
      "dev": true,
      "requires": {
        "@babel/runtime": "^7.3.1",
        "jss": "10.6.0",
        "tiny-warning": "^1.0.2"
      }
    },
    "jss-plugin-global": {
      "version": "10.6.0",
      "resolved": "https://registry.npmjs.org/jss-plugin-global/-/jss-plugin-global-10.6.0.tgz",
      "integrity": "sha512-I3w7ji/UXPi3VuWrTCbHG9rVCgB4yoBQLehGDTmsnDfXQb3r1l3WIdcO8JFp9m0YMmyy2CU7UOV6oPI7/Tmu+w==",
      "dev": true,
      "requires": {
        "@babel/runtime": "^7.3.1",
        "jss": "10.6.0"
      }
    },
    "jss-plugin-nested": {
      "version": "10.6.0",
      "resolved": "https://registry.npmjs.org/jss-plugin-nested/-/jss-plugin-nested-10.6.0.tgz",
      "integrity": "sha512-fOFQWgd98H89E6aJSNkEh2fAXquC9aZcAVjSw4q4RoQ9gU++emg18encR4AT4OOIFl4lQwt5nEyBBRn9V1Rk8g==",
      "dev": true,
      "requires": {
        "@babel/runtime": "^7.3.1",
        "jss": "10.6.0",
        "tiny-warning": "^1.0.2"
      }
    },
    "jss-plugin-props-sort": {
      "version": "10.6.0",
      "resolved": "https://registry.npmjs.org/jss-plugin-props-sort/-/jss-plugin-props-sort-10.6.0.tgz",
      "integrity": "sha512-oMCe7hgho2FllNc60d9VAfdtMrZPo9n1Iu6RNa+3p9n0Bkvnv/XX5San8fTPujrTBScPqv9mOE0nWVvIaohNuw==",
      "dev": true,
      "requires": {
        "@babel/runtime": "^7.3.1",
        "jss": "10.6.0"
      }
    },
    "jss-plugin-rule-value-function": {
      "version": "10.6.0",
      "resolved": "https://registry.npmjs.org/jss-plugin-rule-value-function/-/jss-plugin-rule-value-function-10.6.0.tgz",
      "integrity": "sha512-TKFqhRTDHN1QrPTMYRlIQUOC2FFQb271+AbnetURKlGvRl/eWLswcgHQajwuxI464uZk91sPiTtdGi7r7XaWfA==",
      "dev": true,
      "requires": {
        "@babel/runtime": "^7.3.1",
        "jss": "10.6.0",
        "tiny-warning": "^1.0.2"
      }
    },
    "jss-plugin-rule-value-observable": {
      "version": "10.6.0",
      "resolved": "https://registry.npmjs.org/jss-plugin-rule-value-observable/-/jss-plugin-rule-value-observable-10.6.0.tgz",
      "integrity": "sha512-+N6S8UZ+Tu+G2Fbu/UrfLI/JyaTi/KfkPbKsVRfyg/C/IdI+p9+H67HncMIFYEi/KnNj5fqvMNSDe4ag/lqbHw==",
      "dev": true,
      "requires": {
        "@babel/runtime": "^7.3.1",
        "jss": "10.6.0",
        "symbol-observable": "^1.2.0"
      }
    },
    "jss-plugin-template": {
      "version": "10.6.0",
      "resolved": "https://registry.npmjs.org/jss-plugin-template/-/jss-plugin-template-10.6.0.tgz",
      "integrity": "sha512-P3iaIR6AqTOoutwP7Y2KVCq4jShEMACrwKf8W9gsS3ppnIeBg4OCAQvLKmqunApkEoIk0711xbW9XPi9CYy3zg==",
      "dev": true,
      "requires": {
        "@babel/runtime": "^7.3.1",
        "jss": "10.6.0",
        "tiny-warning": "^1.0.2"
      }
    },
    "jss-plugin-vendor-prefixer": {
      "version": "10.6.0",
      "resolved": "https://registry.npmjs.org/jss-plugin-vendor-prefixer/-/jss-plugin-vendor-prefixer-10.6.0.tgz",
      "integrity": "sha512-doJ7MouBXT1lypLLctCwb4nJ6lDYqrTfVS3LtXgox42Xz0gXusXIIDboeh6UwnSmox90QpVnub7au8ybrb0krQ==",
      "dev": true,
      "requires": {
        "@babel/runtime": "^7.3.1",
        "css-vendor": "^2.0.8",
        "jss": "10.6.0"
      }
    },
    "jss-preset-default": {
      "version": "10.6.0",
      "resolved": "https://registry.npmjs.org/jss-preset-default/-/jss-preset-default-10.6.0.tgz",
      "integrity": "sha512-TuHDZiuxGLLJ/LIMLAzO5uf2PnLOCR6yF5GHQLPp59YTascmwEldJfR0tuqjKa8B2F/v708ZvzE1Dw0Ao7UIcA==",
      "dev": true,
      "requires": {
        "@babel/runtime": "^7.3.1",
        "jss": "10.6.0",
        "jss-plugin-camel-case": "10.6.0",
        "jss-plugin-compose": "10.6.0",
        "jss-plugin-default-unit": "10.6.0",
        "jss-plugin-expand": "10.6.0",
        "jss-plugin-extend": "10.6.0",
        "jss-plugin-global": "10.6.0",
        "jss-plugin-nested": "10.6.0",
        "jss-plugin-props-sort": "10.6.0",
        "jss-plugin-rule-value-function": "10.6.0",
        "jss-plugin-rule-value-observable": "10.6.0",
        "jss-plugin-template": "10.6.0",
        "jss-plugin-vendor-prefixer": "10.6.0"
      }
    },
    "lit-ntml": {
      "version": "2.18.2",
      "resolved": "https://registry.npmjs.org/lit-ntml/-/lit-ntml-2.18.2.tgz",
      "integrity": "sha512-5jJwlcFvamwzv55HFpNXpYTJRTXKpkLXZrr4gh+Vkj+3VrjbdpMOgZSKHpNZ5j/uVccEYTadM34UR9k++94lDw==",
      "dev": true,
      "requires": {
        "parse5": "^6.0.1",
        "tslib": "^2.0.2"
      }
    },
    "node-fetch": {
      "version": "2.6.7",
      "resolved": "https://registry.npmjs.org/node-fetch/-/node-fetch-2.6.7.tgz",
      "integrity": "sha512-ZjMPFEfVx5j+y2yF35Kzx5sF7kDzxuDj6ziH4FFbOp87zKDZNx8yExJIb05OGF4Nlt9IHFIMBkRl41VdvcNdbQ==",
      "dev": true,
      "requires": {
        "whatwg-url": "^5.0.0"
      }
    },
    "parse5": {
      "version": "6.0.1",
      "resolved": "https://registry.npmjs.org/parse5/-/parse5-6.0.1.tgz",
      "integrity": "sha512-Ofn/CTFzRGTTxwpNEs9PP93gXShHcTq255nzRYSKe8AkVpZY7e1fpmTfOyoIvjP5HG7Z2ZM7VS9PPhQGW2pOpw==",
      "dev": true
    },
    "regenerator-runtime": {
      "version": "0.13.7",
      "resolved": "https://registry.npmjs.org/regenerator-runtime/-/regenerator-runtime-0.13.7.tgz",
      "integrity": "sha512-a54FxoJDIr27pgf7IgeQGxmqUNYrcV338lf/6gH456HZ/PhX+5BcwHXG9ajESmwe6WRO0tAzRUrRmNONWgkrew==",
      "dev": true
    },
    "sax": {
      "version": "1.2.4",
      "resolved": "https://registry.npmjs.org/sax/-/sax-1.2.4.tgz",
      "integrity": "sha512-NqVDv9TpANUjFm0N8uM5GxL36UgKi9/atZw+x7YFnQ8ckwFGKrl4xX4yWtrey3UJm5nP1kUbnYgLopqWNSRhWw==",
      "dev": true
    },
    "sitemap": {
      "version": "7.0.0",
      "resolved": "https://registry.npmjs.org/sitemap/-/sitemap-7.0.0.tgz",
      "integrity": "sha512-Ud0jrRQO2k7fEtPAM+cQkBKoMvxQyPKNXKDLn8tRVHxRCsdDQ2JZvw+aZ5IRYYQVAV9iGxEar6boTwZzev+x3g==",
      "dev": true,
      "requires": {
        "@types/node": "^15.0.1",
        "@types/sax": "^1.2.1",
        "arg": "^5.0.0",
        "sax": "^1.2.4"
      }
    },
    "symbol-observable": {
      "version": "1.2.0",
      "resolved": "https://registry.npmjs.org/symbol-observable/-/symbol-observable-1.2.0.tgz",
      "integrity": "sha512-e900nM8RRtGhlV36KGEU9k65K3mPb1WV70OdjfxlG2EAuM1noi/E/BaW/uMhL7bPEssK8QV57vN3esixjUvcXQ==",
      "dev": true
    },
    "tiny-warning": {
      "version": "1.0.3",
      "resolved": "https://registry.npmjs.org/tiny-warning/-/tiny-warning-1.0.3.tgz",
      "integrity": "sha512-lBN9zLN/oAf68o3zNXYrdCt1kP8WsiGW8Oo2ka41b2IM5JL/S1CTyX1rW0mb/zSuJun0ZUrDxx4sqvYS2FWzPA==",
      "dev": true
    },
    "tr46": {
      "version": "0.0.3",
      "resolved": "https://registry.npmjs.org/tr46/-/tr46-0.0.3.tgz",
      "integrity": "sha512-N3WMsuqV66lT30CrXNbEjx4GEwlow3v6rr4mCcv6prnfwhS01rkgyFdjPNBYd9br7LpXV1+Emh01fHnq2Gdgrw==",
      "dev": true
    },
    "tslib": {
      "version": "2.2.0",
      "resolved": "https://registry.npmjs.org/tslib/-/tslib-2.2.0.tgz",
      "integrity": "sha512-gS9GVHRU+RGn5KQM2rllAlR3dU6m7AcpJKdtH8gFvQiC4Otgk98XnmMU+nZenHt/+VhnBPWwgrJsyrdcw6i23w==",
      "dev": true
    },
    "unfetch": {
      "version": "4.2.0",
      "resolved": "https://registry.npmjs.org/unfetch/-/unfetch-4.2.0.tgz",
      "integrity": "sha512-F9p7yYCn6cIW9El1zi0HI6vqpeIvBsr3dSuRO6Xuppb1u5rXpCPmMvLSyECLhybr9isec8Ohl0hPekMVrEinDA==",
      "dev": true
    },
    "webidl-conversions": {
      "version": "3.0.1",
      "resolved": "https://registry.npmjs.org/webidl-conversions/-/webidl-conversions-3.0.1.tgz",
      "integrity": "sha512-2JAn3z8AR6rjK8Sm8orRC0h/bcl/DqL7tRPdGZ4I1CjdF+EaMLmYxBHyXuKL849eucPFhvBoxMsflfOb8kxaeQ==",
      "dev": true
    },
    "whatwg-url": {
      "version": "5.0.0",
      "resolved": "https://registry.npmjs.org/whatwg-url/-/whatwg-url-5.0.0.tgz",
      "integrity": "sha512-saE57nupxk6v3HY35+jzBwYa0rKSy0XR8JSxZPwgLr7ys0IBzhGviA1/TUGJLmSVqs8pb9AnvICXEuOHLprYTw==",
      "dev": true,
      "requires": {
        "tr46": "~0.0.3",
        "webidl-conversions": "^3.0.0"
      }
    }
  }
}
